// !$*UTF8*$!
{
	archiveVersion = 1;
	classes = {
	};
	objectVersion = 46;
	objects = {

/* Begin PBXBuildFile section */
		AA75F03116AEFFD100097673 /* UIKit.framework in Frameworks */ = {isa = PBXBuildFile; fileRef = AA75F03016AEFFD100097673 /* UIKit.framework */; };
		AA75F03316AEFFD100097673 /* Foundation.framework in Frameworks */ = {isa = PBXBuildFile; fileRef = AA75F03216AEFFD100097673 /* Foundation.framework */; };
		AA75F03516AEFFD100097673 /* CoreGraphics.framework in Frameworks */ = {isa = PBXBuildFile; fileRef = AA75F03416AEFFD100097673 /* CoreGraphics.framework */; };
		AA75F03B16AEFFD100097673 /* InfoPlist.strings in Resources */ = {isa = PBXBuildFile; fileRef = AA75F03916AEFFD100097673 /* InfoPlist.strings */; };
		AA75F03D16AEFFD100097673 /* main.m in Sources */ = {isa = PBXBuildFile; fileRef = AA75F03C16AEFFD100097673 /* main.m */; };
		AA75F04116AEFFD100097673 /* AppDelegate.m in Sources */ = {isa = PBXBuildFile; fileRef = AA75F04016AEFFD100097673 /* AppDelegate.m */; };
		AA75F04316AEFFD100097673 /* Default.png in Resources */ = {isa = PBXBuildFile; fileRef = AA75F04216AEFFD100097673 /* Default.png */; };
		AA75F04516AEFFD100097673 /* Default@2x.png in Resources */ = {isa = PBXBuildFile; fileRef = AA75F04416AEFFD100097673 /* Default@2x.png */; };
		AA75F04716AEFFD100097673 /* Default-568h@2x.png in Resources */ = {isa = PBXBuildFile; fileRef = AA75F04616AEFFD100097673 /* Default-568h@2x.png */; };
		AA75F04A16AEFFD100097673 /* MainStoryboard.storyboard in Resources */ = {isa = PBXBuildFile; fileRef = AA75F04816AEFFD100097673 /* MainStoryboard.storyboard */; };
		AA75F04D16AEFFD100097673 /* ViewController.m in Sources */ = {isa = PBXBuildFile; fileRef = AA75F04C16AEFFD100097673 /* ViewController.m */; };
		AA75F06616AEFFFF00097673 /* QBAssetCollectionViewController.m in Sources */ = {isa = PBXBuildFile; fileRef = AA75F05516AEFFFF00097673 /* QBAssetCollectionViewController.m */; };
		AA75F06716AEFFFF00097673 /* QBImagePickerAssetCell.m in Sources */ = {isa = PBXBuildFile; fileRef = AA75F05816AEFFFF00097673 /* QBImagePickerAssetCell.m */; };
		AA75F06816AEFFFF00097673 /* QBImagePickerAssetView.m in Sources */ = {isa = PBXBuildFile; fileRef = AA75F05B16AEFFFF00097673 /* QBImagePickerAssetView.m */; };
		AA75F06916AEFFFF00097673 /* QBImagePickerController.bundle in Resources */ = {isa = PBXBuildFile; fileRef = AA75F05D16AEFFFF00097673 /* QBImagePickerController.bundle */; };
		AA75F06A16AEFFFF00097673 /* QBImagePickerController.m in Sources */ = {isa = PBXBuildFile; fileRef = AA75F05F16AEFFFF00097673 /* QBImagePickerController.m */; };
		AA75F06C16AEFFFF00097673 /* QBImagePickerGroupCell.m in Sources */ = {isa = PBXBuildFile; fileRef = AA75F06316AEFFFF00097673 /* QBImagePickerGroupCell.m */; };
		AA75F06D16AEFFFF00097673 /* QBImagePickerVideoInfoView.m in Sources */ = {isa = PBXBuildFile; fileRef = AA75F06516AEFFFF00097673 /* QBImagePickerVideoInfoView.m */; };
		AA75F06F16AF003700097673 /* AssetsLibrary.framework in Frameworks */ = {isa = PBXBuildFile; fileRef = AA75F06E16AF003700097673 /* AssetsLibrary.framework */; };
		AA9526C016AFA54E007B7891 /* QBImagePickerFooterView.m in Sources */ = {isa = PBXBuildFile; fileRef = AA9526BF16AFA54E007B7891 /* QBImagePickerFooterView.m */; };
		AAC8081316AFB1DC002AD9CC /* QuartzCore.framework in Frameworks */ = {isa = PBXBuildFile; fileRef = AAC8081216AFB1DC002AD9CC /* QuartzCore.framework */; };
/* End PBXBuildFile section */

/* Begin PBXFileReference section */
		AA75F02C16AEFFD100097673 /* QBImagePickerController.app */ = {isa = PBXFileReference; explicitFileType = wrapper.application; includeInIndex = 0; path = QBImagePickerController.app; sourceTree = BUILT_PRODUCTS_DIR; };
		AA75F03016AEFFD100097673 /* UIKit.framework */ = {isa = PBXFileReference; lastKnownFileType = wrapper.framework; name = UIKit.framework; path = System/Library/Frameworks/UIKit.framework; sourceTree = SDKROOT; };
		AA75F03216AEFFD100097673 /* Foundation.framework */ = {isa = PBXFileReference; lastKnownFileType = wrapper.framework; name = Foundation.framework; path = System/Library/Frameworks/Foundation.framework; sourceTree = SDKROOT; };
		AA75F03416AEFFD100097673 /* CoreGraphics.framework */ = {isa = PBXFileReference; lastKnownFileType = wrapper.framework; name = CoreGraphics.framework; path = System/Library/Frameworks/CoreGraphics.framework; sourceTree = SDKROOT; };
		AA75F03816AEFFD100097673 /* QBImagePickerController-Info.plist */ = {isa = PBXFileReference; lastKnownFileType = text.plist.xml; path = "QBImagePickerController-Info.plist"; sourceTree = "<group>"; };
		AA75F03A16AEFFD100097673 /* en */ = {isa = PBXFileReference; lastKnownFileType = text.plist.strings; name = en; path = en.lproj/InfoPlist.strings; sourceTree = "<group>"; };
		AA75F03C16AEFFD100097673 /* main.m */ = {isa = PBXFileReference; lastKnownFileType = sourcecode.c.objc; path = main.m; sourceTree = "<group>"; };
		AA75F03E16AEFFD100097673 /* QBImagePickerController-Prefix.pch */ = {isa = PBXFileReference; lastKnownFileType = sourcecode.c.h; path = "QBImagePickerController-Prefix.pch"; sourceTree = "<group>"; };
		AA75F03F16AEFFD100097673 /* AppDelegate.h */ = {isa = PBXFileReference; lastKnownFileType = sourcecode.c.h; path = AppDelegate.h; sourceTree = "<group>"; };
		AA75F04016AEFFD100097673 /* AppDelegate.m */ = {isa = PBXFileReference; lastKnownFileType = sourcecode.c.objc; path = AppDelegate.m; sourceTree = "<group>"; };
		AA75F04216AEFFD100097673 /* Default.png */ = {isa = PBXFileReference; lastKnownFileType = image.png; path = Default.png; sourceTree = "<group>"; };
		AA75F04416AEFFD100097673 /* Default@2x.png */ = {isa = PBXFileReference; lastKnownFileType = image.png; path = "Default@2x.png"; sourceTree = "<group>"; };
		AA75F04616AEFFD100097673 /* Default-568h@2x.png */ = {isa = PBXFileReference; lastKnownFileType = image.png; path = "Default-568h@2x.png"; sourceTree = "<group>"; };
		AA75F04916AEFFD100097673 /* en */ = {isa = PBXFileReference; lastKnownFileType = file.storyboard; name = en; path = en.lproj/MainStoryboard.storyboard; sourceTree = "<group>"; };
		AA75F04B16AEFFD100097673 /* ViewController.h */ = {isa = PBXFileReference; lastKnownFileType = sourcecode.c.h; path = ViewController.h; sourceTree = "<group>"; };
		AA75F04C16AEFFD100097673 /* ViewController.m */ = {isa = PBXFileReference; lastKnownFileType = sourcecode.c.objc; path = ViewController.m; sourceTree = "<group>"; };
		AA75F05416AEFFFF00097673 /* QBAssetCollectionViewController.h */ = {isa = PBXFileReference; fileEncoding = 4; lastKnownFileType = sourcecode.c.h; path = QBAssetCollectionViewController.h; sourceTree = "<group>"; };
		AA75F05516AEFFFF00097673 /* QBAssetCollectionViewController.m */ = {isa = PBXFileReference; fileEncoding = 4; lastKnownFileType = sourcecode.c.objc; path = QBAssetCollectionViewController.m; sourceTree = "<group>"; };
		AA75F05616AEFFFF00097673 /* QBAssetCollectionViewControllerDelegate.h */ = {isa = PBXFileReference; fileEncoding = 4; lastKnownFileType = sourcecode.c.h; path = QBAssetCollectionViewControllerDelegate.h; sourceTree = "<group>"; };
		AA75F05716AEFFFF00097673 /* QBImagePickerAssetCell.h */ = {isa = PBXFileReference; fileEncoding = 4; lastKnownFileType = sourcecode.c.h; path = QBImagePickerAssetCell.h; sourceTree = "<group>"; };
		AA75F05816AEFFFF00097673 /* QBImagePickerAssetCell.m */ = {isa = PBXFileReference; fileEncoding = 4; lastKnownFileType = sourcecode.c.objc; path = QBImagePickerAssetCell.m; sourceTree = "<group>"; };
		AA75F05916AEFFFF00097673 /* QBImagePickerAssetCellDelegate.h */ = {isa = PBXFileReference; fileEncoding = 4; lastKnownFileType = sourcecode.c.h; path = QBImagePickerAssetCellDelegate.h; sourceTree = "<group>"; };
		AA75F05A16AEFFFF00097673 /* QBImagePickerAssetView.h */ = {isa = PBXFileReference; fileEncoding = 4; lastKnownFileType = sourcecode.c.h; path = QBImagePickerAssetView.h; sourceTree = "<group>"; };
		AA75F05B16AEFFFF00097673 /* QBImagePickerAssetView.m */ = {isa = PBXFileReference; fileEncoding = 4; lastKnownFileType = sourcecode.c.objc; path = QBImagePickerAssetView.m; sourceTree = "<group>"; };
		AA75F05C16AEFFFF00097673 /* QBImagePickerAssetViewDelegate.h */ = {isa = PBXFileReference; fileEncoding = 4; lastKnownFileType = sourcecode.c.h; path = QBImagePickerAssetViewDelegate.h; sourceTree = "<group>"; };
		AA75F05D16AEFFFF00097673 /* QBImagePickerController.bundle */ = {isa = PBXFileReference; lastKnownFileType = "wrapper.plug-in"; path = QBImagePickerController.bundle; sourceTree = "<group>"; };
		AA75F05E16AEFFFF00097673 /* QBImagePickerController.h */ = {isa = PBXFileReference; fileEncoding = 4; lastKnownFileType = sourcecode.c.h; path = QBImagePickerController.h; sourceTree = "<group>"; };
		AA75F05F16AEFFFF00097673 /* QBImagePickerController.m */ = {isa = PBXFileReference; fileEncoding = 4; lastKnownFileType = sourcecode.c.objc; path = QBImagePickerController.m; sourceTree = "<group>"; };
		AA75F06216AEFFFF00097673 /* QBImagePickerGroupCell.h */ = {isa = PBXFileReference; fileEncoding = 4; lastKnownFileType = sourcecode.c.h; path = QBImagePickerGroupCell.h; sourceTree = "<group>"; };
		AA75F06316AEFFFF00097673 /* QBImagePickerGroupCell.m */ = {isa = PBXFileReference; fileEncoding = 4; lastKnownFileType = sourcecode.c.objc; path = QBImagePickerGroupCell.m; sourceTree = "<group>"; };
		AA75F06416AEFFFF00097673 /* QBImagePickerVideoInfoView.h */ = {isa = PBXFileReference; fileEncoding = 4; lastKnownFileType = sourcecode.c.h; path = QBImagePickerVideoInfoView.h; sourceTree = "<group>"; };
		AA75F06516AEFFFF00097673 /* QBImagePickerVideoInfoView.m */ = {isa = PBXFileReference; fileEncoding = 4; lastKnownFileType = sourcecode.c.objc; path = QBImagePickerVideoInfoView.m; sourceTree = "<group>"; };
		AA75F06E16AF003700097673 /* AssetsLibrary.framework */ = {isa = PBXFileReference; lastKnownFileType = wrapper.framework; name = AssetsLibrary.framework; path = System/Library/Frameworks/AssetsLibrary.framework; sourceTree = SDKROOT; };
		AA9526BE16AFA54E007B7891 /* QBImagePickerFooterView.h */ = {isa = PBXFileReference; fileEncoding = 4; lastKnownFileType = sourcecode.c.h; path = QBImagePickerFooterView.h; sourceTree = "<group>"; };
		AA9526BF16AFA54E007B7891 /* QBImagePickerFooterView.m */ = {isa = PBXFileReference; fileEncoding = 4; lastKnownFileType = sourcecode.c.objc; path = QBImagePickerFooterView.m; sourceTree = "<group>"; };
		AAC8081216AFB1DC002AD9CC /* QuartzCore.framework */ = {isa = PBXFileReference; lastKnownFileType = wrapper.framework; name = QuartzCore.framework; path = System/Library/Frameworks/QuartzCore.framework; sourceTree = SDKROOT; };
/* End PBXFileReference section */

/* Begin PBXFrameworksBuildPhase section */
		AA75F02916AEFFD100097673 /* Frameworks */ = {
			isa = PBXFrameworksBuildPhase;
			buildActionMask = 2147483647;
			files = (
				AAC8081316AFB1DC002AD9CC /* QuartzCore.framework in Frameworks */,
				AA75F06F16AF003700097673 /* AssetsLibrary.framework in Frameworks */,
				AA75F03116AEFFD100097673 /* UIKit.framework in Frameworks */,
				AA75F03316AEFFD100097673 /* Foundation.framework in Frameworks */,
				AA75F03516AEFFD100097673 /* CoreGraphics.framework in Frameworks */,
			);
			runOnlyForDeploymentPostprocessing = 0;
		};
/* End PBXFrameworksBuildPhase section */

/* Begin PBXGroup section */
		AA75F02116AEFFD100097673 = {
			isa = PBXGroup;
			children = (
				AA75F03616AEFFD100097673 /* QBImagePickerController */,
				AA75F02F16AEFFD100097673 /* Frameworks */,
				AA75F02D16AEFFD100097673 /* Products */,
			);
			sourceTree = "<group>";
		};
		AA75F02D16AEFFD100097673 /* Products */ = {
			isa = PBXGroup;
			children = (
				AA75F02C16AEFFD100097673 /* QBImagePickerController.app */,
			);
			name = Products;
			sourceTree = "<group>";
		};
		AA75F02F16AEFFD100097673 /* Frameworks */ = {
			isa = PBXGroup;
			children = (
				AAC8081216AFB1DC002AD9CC /* QuartzCore.framework */,
				AA75F06E16AF003700097673 /* AssetsLibrary.framework */,
				AA75F03016AEFFD100097673 /* UIKit.framework */,
				AA75F03216AEFFD100097673 /* Foundation.framework */,
				AA75F03416AEFFD100097673 /* CoreGraphics.framework */,
			);
			name = Frameworks;
			sourceTree = "<group>";
		};
		AA75F03616AEFFD100097673 /* QBImagePickerController */ = {
			isa = PBXGroup;
			children = (
				AA75F05316AEFFFF00097673 /* Classes */,
				AA75F03F16AEFFD100097673 /* AppDelegate.h */,
				AA75F04016AEFFD100097673 /* AppDelegate.m */,
				AA75F04816AEFFD100097673 /* MainStoryboard.storyboard */,
				AA75F04B16AEFFD100097673 /* ViewController.h */,
				AA75F04C16AEFFD100097673 /* ViewController.m */,
				AA75F03716AEFFD100097673 /* Supporting Files */,
			);
			path = QBImagePickerController;
			sourceTree = "<group>";
		};
		AA75F03716AEFFD100097673 /* Supporting Files */ = {
			isa = PBXGroup;
			children = (
				AA75F03816AEFFD100097673 /* QBImagePickerController-Info.plist */,
				AA75F03916AEFFD100097673 /* InfoPlist.strings */,
				AA75F03C16AEFFD100097673 /* main.m */,
				AA75F03E16AEFFD100097673 /* QBImagePickerController-Prefix.pch */,
				AA75F04216AEFFD100097673 /* Default.png */,
				AA75F04416AEFFD100097673 /* Default@2x.png */,
				AA75F04616AEFFD100097673 /* Default-568h@2x.png */,
			);
			name = "Supporting Files";
			sourceTree = "<group>";
		};
		AA75F05316AEFFFF00097673 /* Classes */ = {
			isa = PBXGroup;
			children = (
				AA75F05E16AEFFFF00097673 /* QBImagePickerController.h */,
				AA75F05F16AEFFFF00097673 /* QBImagePickerController.m */,
				AA75F06216AEFFFF00097673 /* QBImagePickerGroupCell.h */,
				AA75F06316AEFFFF00097673 /* QBImagePickerGroupCell.m */,
				AA75F05416AEFFFF00097673 /* QBAssetCollectionViewController.h */,
				AA75F05516AEFFFF00097673 /* QBAssetCollectionViewController.m */,
				AA75F05616AEFFFF00097673 /* QBAssetCollectionViewControllerDelegate.h */,
				AA75F05716AEFFFF00097673 /* QBImagePickerAssetCell.h */,
				AA75F05816AEFFFF00097673 /* QBImagePickerAssetCell.m */,
				AA75F05916AEFFFF00097673 /* QBImagePickerAssetCellDelegate.h */,
				AA75F05A16AEFFFF00097673 /* QBImagePickerAssetView.h */,
				AA75F05B16AEFFFF00097673 /* QBImagePickerAssetView.m */,
				AA75F05C16AEFFFF00097673 /* QBImagePickerAssetViewDelegate.h */,
				AA75F06416AEFFFF00097673 /* QBImagePickerVideoInfoView.h */,
				AA75F06516AEFFFF00097673 /* QBImagePickerVideoInfoView.m */,
				AA9526BE16AFA54E007B7891 /* QBImagePickerFooterView.h */,
				AA9526BF16AFA54E007B7891 /* QBImagePickerFooterView.m */,
				AA75F05D16AEFFFF00097673 /* QBImagePickerController.bundle */,
			);
			path = Classes;
			sourceTree = "<group>";
		};
/* End PBXGroup section */

/* Begin PBXNativeTarget section */
		AA75F02B16AEFFD100097673 /* QBImagePickerController */ = {
			isa = PBXNativeTarget;
			buildConfigurationList = AA75F05016AEFFD100097673 /* Build configuration list for PBXNativeTarget "QBImagePickerController" */;
			buildPhases = (
				AA75F02816AEFFD100097673 /* Sources */,
				AA75F02916AEFFD100097673 /* Frameworks */,
				AA75F02A16AEFFD100097673 /* Resources */,
			);
			buildRules = (
			);
			dependencies = (
			);
			name = QBImagePickerController;
			productName = QBImagePickerController;
			productReference = AA75F02C16AEFFD100097673 /* QBImagePickerController.app */;
			productType = "com.apple.product-type.application";
		};
/* End PBXNativeTarget section */

/* Begin PBXProject section */
		AA75F02316AEFFD100097673 /* Project object */ = {
			isa = PBXProject;
			attributes = {
				LastUpgradeCheck = 0450;
				ORGANIZATIONNAME = "Katsuma Tanaka";
			};
			buildConfigurationList = AA75F02616AEFFD100097673 /* Build configuration list for PBXProject "QBImagePickerController" */;
			compatibilityVersion = "Xcode 3.2";
			developmentRegion = English;
			hasScannedForEncodings = 0;
			knownRegions = (
				en,
			);
			mainGroup = AA75F02116AEFFD100097673;
			productRefGroup = AA75F02D16AEFFD100097673 /* Products */;
			projectDirPath = "";
			projectRoot = "";
			targets = (
				AA75F02B16AEFFD100097673 /* QBImagePickerController */,
			);
		};
/* End PBXProject section */

/* Begin PBXResourcesBuildPhase section */
		AA75F02A16AEFFD100097673 /* Resources */ = {
			isa = PBXResourcesBuildPhase;
			buildActionMask = 2147483647;
			files = (
				AA75F03B16AEFFD100097673 /* InfoPlist.strings in Resources */,
				AA75F04316AEFFD100097673 /* Default.png in Resources */,
				AA75F04516AEFFD100097673 /* Default@2x.png in Resources */,
				AA75F04716AEFFD100097673 /* Default-568h@2x.png in Resources */,
				AA75F04A16AEFFD100097673 /* MainStoryboard.storyboard in Resources */,
				AA75F06916AEFFFF00097673 /* QBImagePickerController.bundle in Resources */,
			);
			runOnlyForDeploymentPostprocessing = 0;
		};
/* End PBXResourcesBuildPhase section */

/* Begin PBXSourcesBuildPhase section */
		AA75F02816AEFFD100097673 /* Sources */ = {
			isa = PBXSourcesBuildPhase;
			buildActionMask = 2147483647;
			files = (
				AA75F03D16AEFFD100097673 /* main.m in Sources */,
				AA75F04116AEFFD100097673 /* AppDelegate.m in Sources */,
				AA75F04D16AEFFD100097673 /* ViewController.m in Sources */,
				AA75F06616AEFFFF00097673 /* QBAssetCollectionViewController.m in Sources */,
				AA75F06716AEFFFF00097673 /* QBImagePickerAssetCell.m in Sources */,
				AA75F06816AEFFFF00097673 /* QBImagePickerAssetView.m in Sources */,
				AA75F06A16AEFFFF00097673 /* QBImagePickerController.m in Sources */,
				AA75F06C16AEFFFF00097673 /* QBImagePickerGroupCell.m in Sources */,
				AA75F06D16AEFFFF00097673 /* QBImagePickerVideoInfoView.m in Sources */,
				AA9526C016AFA54E007B7891 /* QBImagePickerFooterView.m in Sources */,
			);
			runOnlyForDeploymentPostprocessing = 0;
		};
/* End PBXSourcesBuildPhase section */

/* Begin PBXVariantGroup section */
		AA75F03916AEFFD100097673 /* InfoPlist.strings */ = {
			isa = PBXVariantGroup;
			children = (
				AA75F03A16AEFFD100097673 /* en */,
			);
			name = InfoPlist.strings;
			sourceTree = "<group>";
		};
		AA75F04816AEFFD100097673 /* MainStoryboard.storyboard */ = {
			isa = PBXVariantGroup;
			children = (
				AA75F04916AEFFD100097673 /* en */,
			);
			name = MainStoryboard.storyboard;
			sourceTree = "<group>";
		};
/* End PBXVariantGroup section */

/* Begin XCBuildConfiguration section */
		AA75F04E16AEFFD100097673 /* Debug */ = {
			isa = XCBuildConfiguration;
			buildSettings = {
				ALWAYS_SEARCH_USER_PATHS = NO;
				CLANG_CXX_LANGUAGE_STANDARD = "gnu++0x";
				CLANG_CXX_LIBRARY = "libc++";
				CLANG_WARN_EMPTY_BODY = YES;
				CLANG_WARN__DUPLICATE_METHOD_MATCH = YES;
				"CODE_SIGN_IDENTITY[sdk=iphoneos*]" = "iPhone Developer";
				COPY_PHASE_STRIP = NO;
				GCC_C_LANGUAGE_STANDARD = gnu99;
				GCC_DYNAMIC_NO_PIC = NO;
				GCC_OPTIMIZATION_LEVEL = 0;
				GCC_PREPROCESSOR_DEFINITIONS = (
					"DEBUG=1",
					"$(inherited)",
				);
				GCC_SYMBOLS_PRIVATE_EXTERN = NO;
				GCC_WARN_ABOUT_RETURN_TYPE = YES;
				GCC_WARN_UNINITIALIZED_AUTOS = YES;
				GCC_WARN_UNUSED_VARIABLE = YES;
				IPHONEOS_DEPLOYMENT_TARGET = 6.0;
				ONLY_ACTIVE_ARCH = YES;
				SDKROOT = iphoneos;
			};
			name = Debug;
		};
		AA75F04F16AEFFD100097673 /* Release */ = {
			isa = XCBuildConfiguration;
			buildSettings = {
				ALWAYS_SEARCH_USER_PATHS = NO;
				CLANG_CXX_LANGUAGE_STANDARD = "gnu++0x";
				CLANG_CXX_LIBRARY = "libc++";
				CLANG_WARN_EMPTY_BODY = YES;
				CLANG_WARN__DUPLICATE_METHOD_MATCH = YES;
				"CODE_SIGN_IDENTITY[sdk=iphoneos*]" = "iPhone Developer";
				COPY_PHASE_STRIP = YES;
				GCC_C_LANGUAGE_STANDARD = gnu99;
				GCC_WARN_ABOUT_RETURN_TYPE = YES;
				GCC_WARN_UNINITIALIZED_AUTOS = YES;
				GCC_WARN_UNUSED_VARIABLE = YES;
				IPHONEOS_DEPLOYMENT_TARGET = 6.0;
				OTHER_CFLAGS = "-DNS_BLOCK_ASSERTIONS=1";
				SDKROOT = iphoneos;
				VALIDATE_PRODUCT = YES;
			};
			name = Release;
		};
		AA75F05116AEFFD100097673 /* Debug */ = {
			isa = XCBuildConfiguration;
			buildSettings = {
				CLANG_ENABLE_OBJC_ARC = YES;
				GCC_PRECOMPILE_PREFIX_HEADER = YES;
				GCC_PREFIX_HEADER = "QBImagePickerController/QBImagePickerController-Prefix.pch";
				INFOPLIST_FILE = "QBImagePickerController/QBImagePickerController-Info.plist";
				PRODUCT_NAME = "$(TARGET_NAME)";
				WRAPPER_EXTENSION = app;
			};
			name = Debug;
		};
		AA75F05216AEFFD100097673 /* Release */ = {
			isa = XCBuildConfiguration;
			buildSettings = {
				CLANG_ENABLE_OBJC_ARC = YES;
				GCC_PRECOMPILE_PREFIX_HEADER = YES;
				GCC_PREFIX_HEADER = "QBImagePickerController/QBImagePickerController-Prefix.pch";
				INFOPLIST_FILE = "QBImagePickerController/QBImagePickerController-Info.plist";
				PRODUCT_NAME = "$(TARGET_NAME)";
				WRAPPER_EXTENSION = app;
			};
			name = Release;
		};
/* End XCBuildConfiguration section */

/* Begin XCConfigurationList section */
		AA75F02616AEFFD100097673 /* Build configuration list for PBXProject "QBImagePickerController" */ = {
			isa = XCConfigurationList;
			buildConfigurations = (
				AA75F04E16AEFFD100097673 /* Debug */,
				AA75F04F16AEFFD100097673 /* Release */,
			);
			defaultConfigurationIsVisible = 0;
			defaultConfigurationName = Release;
		};
		AA75F05016AEFFD100097673 /* Build configuration list for PBXNativeTarget "QBImagePickerController" */ = {
			isa = XCConfigurationList;
			buildConfigurations = (
				AA75F05116AEFFD100097673 /* Debug */,
				AA75F05216AEFFD100097673 /* Release */,
			);
			defaultConfigurationIsVisible = 0;
			defaultConfigurationName = Release;
		};
/* End XCConfigurationList section */
	};
	rootObject = AA75F02316AEFFD100097673 /* Project object */;
}
