// !$*UTF8*$!
{
	archiveVersion = 1;
	classes = {
	};
	objectVersion = 46;
	objects = {

/* Begin PBXBuildFile section */
		AA4C773F1ACD8A0900E77201 /* main.m in Sources */ = {isa = PBXBuildFile; fileRef = AA4C773E1ACD8A0900E77201 /* main.m */; };
		AA4C77421ACD8A0900E77201 /* AppDelegate.m in Sources */ = {isa = PBXBuildFile; fileRef = AA4C77411ACD8A0900E77201 /* AppDelegate.m */; };
		AA4C77451ACD8A0900E77201 /* ViewController.m in Sources */ = {isa = PBXBuildFile; fileRef = AA4C77441ACD8A0900E77201 /* ViewController.m */; };
		AA4C77481ACD8A0900E77201 /* Main.storyboard in Resources */ = {isa = PBXBuildFile; fileRef = AA4C77461ACD8A0900E77201 /* Main.storyboard */; };
		AA4C774A1ACD8A0900E77201 /* Images.xcassets in Resources */ = {isa = PBXBuildFile; fileRef = AA4C77491ACD8A0900E77201 /* Images.xcassets */; };
		AA4C774D1ACD8A0900E77201 /* LaunchScreen.xib in Resources */ = {isa = PBXBuildFile; fileRef = AA4C774B1ACD8A0900E77201 /* LaunchScreen.xib */; };
		AA4C77591ACD8A0A00E77201 /* QBImagePickerControllerDemoTests.m in Sources */ = {isa = PBXBuildFile; fileRef = AA4C77581ACD8A0A00E77201 /* QBImagePickerControllerDemoTests.m */; };
		AA4C777C1ACD8A1D00E77201 /* QBImagePickerController.strings in Resources */ = {isa = PBXBuildFile; fileRef = AA4C77641ACD8A1D00E77201 /* QBImagePickerController.strings */; };
		AA4C777D1ACD8A1D00E77201 /* QBAssetsCollectionCheckmarkView.m in Sources */ = {isa = PBXBuildFile; fileRef = AA4C77691ACD8A1D00E77201 /* QBAssetsCollectionCheckmarkView.m */; };
		AA4C777E1ACD8A1D00E77201 /* QBAssetsCollectionFooterView.m in Sources */ = {isa = PBXBuildFile; fileRef = AA4C776B1ACD8A1D00E77201 /* QBAssetsCollectionFooterView.m */; };
		AA4C777F1ACD8A1D00E77201 /* QBAssetsCollectionOverlayView.m in Sources */ = {isa = PBXBuildFile; fileRef = AA4C776D1ACD8A1D00E77201 /* QBAssetsCollectionOverlayView.m */; };
		AA4C77801ACD8A1D00E77201 /* QBAssetsCollectionVideoIndicatorView.m in Sources */ = {isa = PBXBuildFile; fileRef = AA4C776F1ACD8A1D00E77201 /* QBAssetsCollectionVideoIndicatorView.m */; };
		AA4C77811ACD8A1D00E77201 /* QBAssetsCollectionViewCell.m in Sources */ = {isa = PBXBuildFile; fileRef = AA4C77711ACD8A1D00E77201 /* QBAssetsCollectionViewCell.m */; };
		AA4C77821ACD8A1D00E77201 /* QBAssetsCollectionViewController.m in Sources */ = {isa = PBXBuildFile; fileRef = AA4C77731ACD8A1D00E77201 /* QBAssetsCollectionViewController.m */; };
		AA4C77831ACD8A1D00E77201 /* QBAssetsCollectionViewLayout.m in Sources */ = {isa = PBXBuildFile; fileRef = AA4C77751ACD8A1D00E77201 /* QBAssetsCollectionViewLayout.m */; };
		AA4C77841ACD8A1D00E77201 /* QBImagePickerController.m in Sources */ = {isa = PBXBuildFile; fileRef = AA4C77771ACD8A1D00E77201 /* QBImagePickerController.m */; };
		AA4C77851ACD8A1D00E77201 /* QBImagePickerGroupCell.m in Sources */ = {isa = PBXBuildFile; fileRef = AA4C77791ACD8A1D00E77201 /* QBImagePickerGroupCell.m */; };
		AA4C77861ACD8A1D00E77201 /* QBImagePickerThumbnailView.m in Sources */ = {isa = PBXBuildFile; fileRef = AA4C777B1ACD8A1D00E77201 /* QBImagePickerThumbnailView.m */; };
/* End PBXBuildFile section */

/* Begin PBXContainerItemProxy section */
		AA4C77531ACD8A0A00E77201 /* PBXContainerItemProxy */ = {
			isa = PBXContainerItemProxy;
			containerPortal = AA4C77311ACD8A0900E77201 /* Project object */;
			proxyType = 1;
			remoteGlobalIDString = AA4C77381ACD8A0900E77201;
			remoteInfo = QBImagePickerControllerDemo;
		};
/* End PBXContainerItemProxy section */

/* Begin PBXFileReference section */
		AA4C77391ACD8A0900E77201 /* QBImagePickerControllerDemo.app */ = {isa = PBXFileReference; explicitFileType = wrapper.application; includeInIndex = 0; path = QBImagePickerControllerDemo.app; sourceTree = BUILT_PRODUCTS_DIR; };
		AA4C773D1ACD8A0900E77201 /* Info.plist */ = {isa = PBXFileReference; lastKnownFileType = text.plist.xml; path = Info.plist; sourceTree = "<group>"; };
		AA4C773E1ACD8A0900E77201 /* main.m */ = {isa = PBXFileReference; lastKnownFileType = sourcecode.c.objc; path = main.m; sourceTree = "<group>"; };
		AA4C77401ACD8A0900E77201 /* AppDelegate.h */ = {isa = PBXFileReference; lastKnownFileType = sourcecode.c.h; path = AppDelegate.h; sourceTree = "<group>"; };
		AA4C77411ACD8A0900E77201 /* AppDelegate.m */ = {isa = PBXFileReference; lastKnownFileType = sourcecode.c.objc; path = AppDelegate.m; sourceTree = "<group>"; };
		AA4C77431ACD8A0900E77201 /* ViewController.h */ = {isa = PBXFileReference; lastKnownFileType = sourcecode.c.h; path = ViewController.h; sourceTree = "<group>"; };
		AA4C77441ACD8A0900E77201 /* ViewController.m */ = {isa = PBXFileReference; lastKnownFileType = sourcecode.c.objc; path = ViewController.m; sourceTree = "<group>"; };
		AA4C77471ACD8A0900E77201 /* Base */ = {isa = PBXFileReference; lastKnownFileType = file.storyboard; name = Base; path = Base.lproj/Main.storyboard; sourceTree = "<group>"; };
		AA4C77491ACD8A0900E77201 /* Images.xcassets */ = {isa = PBXFileReference; lastKnownFileType = folder.assetcatalog; path = Images.xcassets; sourceTree = "<group>"; };
		AA4C774C1ACD8A0900E77201 /* Base */ = {isa = PBXFileReference; lastKnownFileType = file.xib; name = Base; path = Base.lproj/LaunchScreen.xib; sourceTree = "<group>"; };
		AA4C77521ACD8A0A00E77201 /* QBImagePickerControllerDemoTests.xctest */ = {isa = PBXFileReference; explicitFileType = wrapper.cfbundle; includeInIndex = 0; path = QBImagePickerControllerDemoTests.xctest; sourceTree = BUILT_PRODUCTS_DIR; };
		AA4C77571ACD8A0A00E77201 /* Info.plist */ = {isa = PBXFileReference; lastKnownFileType = text.plist.xml; path = Info.plist; sourceTree = "<group>"; };
		AA4C77581ACD8A0A00E77201 /* QBImagePickerControllerDemoTests.m */ = {isa = PBXFileReference; lastKnownFileType = sourcecode.c.objc; path = QBImagePickerControllerDemoTests.m; sourceTree = "<group>"; };
		AA4C77651ACD8A1D00E77201 /* en */ = {isa = PBXFileReference; lastKnownFileType = text.plist.strings; name = en; path = en.lproj/QBImagePickerController.strings; sourceTree = "<group>"; };
		AA4C77661ACD8A1D00E77201 /* ja */ = {isa = PBXFileReference; lastKnownFileType = text.plist.strings; name = ja; path = ja.lproj/QBImagePickerController.strings; sourceTree = "<group>"; };
		AA4C77681ACD8A1D00E77201 /* QBAssetsCollectionCheckmarkView.h */ = {isa = PBXFileReference; fileEncoding = 4; lastKnownFileType = sourcecode.c.h; path = QBAssetsCollectionCheckmarkView.h; sourceTree = "<group>"; };
		AA4C77691ACD8A1D00E77201 /* QBAssetsCollectionCheckmarkView.m */ = {isa = PBXFileReference; fileEncoding = 4; lastKnownFileType = sourcecode.c.objc; path = QBAssetsCollectionCheckmarkView.m; sourceTree = "<group>"; };
		AA4C776A1ACD8A1D00E77201 /* QBAssetsCollectionFooterView.h */ = {isa = PBXFileReference; fileEncoding = 4; lastKnownFileType = sourcecode.c.h; path = QBAssetsCollectionFooterView.h; sourceTree = "<group>"; };
		AA4C776B1ACD8A1D00E77201 /* QBAssetsCollectionFooterView.m */ = {isa = PBXFileReference; fileEncoding = 4; lastKnownFileType = sourcecode.c.objc; path = QBAssetsCollectionFooterView.m; sourceTree = "<group>"; };
		AA4C776C1ACD8A1D00E77201 /* QBAssetsCollectionOverlayView.h */ = {isa = PBXFileReference; fileEncoding = 4; lastKnownFileType = sourcecode.c.h; path = QBAssetsCollectionOverlayView.h; sourceTree = "<group>"; };
		AA4C776D1ACD8A1D00E77201 /* QBAssetsCollectionOverlayView.m */ = {isa = PBXFileReference; fileEncoding = 4; lastKnownFileType = sourcecode.c.objc; path = QBAssetsCollectionOverlayView.m; sourceTree = "<group>"; };
		AA4C776E1ACD8A1D00E77201 /* QBAssetsCollectionVideoIndicatorView.h */ = {isa = PBXFileReference; fileEncoding = 4; lastKnownFileType = sourcecode.c.h; path = QBAssetsCollectionVideoIndicatorView.h; sourceTree = "<group>"; };
		AA4C776F1ACD8A1D00E77201 /* QBAssetsCollectionVideoIndicatorView.m */ = {isa = PBXFileReference; fileEncoding = 4; lastKnownFileType = sourcecode.c.objc; path = QBAssetsCollectionVideoIndicatorView.m; sourceTree = "<group>"; };
		AA4C77701ACD8A1D00E77201 /* QBAssetsCollectionViewCell.h */ = {isa = PBXFileReference; fileEncoding = 4; lastKnownFileType = sourcecode.c.h; path = QBAssetsCollectionViewCell.h; sourceTree = "<group>"; };
		AA4C77711ACD8A1D00E77201 /* QBAssetsCollectionViewCell.m */ = {isa = PBXFileReference; fileEncoding = 4; lastKnownFileType = sourcecode.c.objc; path = QBAssetsCollectionViewCell.m; sourceTree = "<group>"; };
		AA4C77721ACD8A1D00E77201 /* QBAssetsCollectionViewController.h */ = {isa = PBXFileReference; fileEncoding = 4; lastKnownFileType = sourcecode.c.h; path = QBAssetsCollectionViewController.h; sourceTree = "<group>"; };
		AA4C77731ACD8A1D00E77201 /* QBAssetsCollectionViewController.m */ = {isa = PBXFileReference; fileEncoding = 4; lastKnownFileType = sourcecode.c.objc; path = QBAssetsCollectionViewController.m; sourceTree = "<group>"; };
		AA4C77741ACD8A1D00E77201 /* QBAssetsCollectionViewLayout.h */ = {isa = PBXFileReference; fileEncoding = 4; lastKnownFileType = sourcecode.c.h; path = QBAssetsCollectionViewLayout.h; sourceTree = "<group>"; };
		AA4C77751ACD8A1D00E77201 /* QBAssetsCollectionViewLayout.m */ = {isa = PBXFileReference; fileEncoding = 4; lastKnownFileType = sourcecode.c.objc; path = QBAssetsCollectionViewLayout.m; sourceTree = "<group>"; };
		AA4C77761ACD8A1D00E77201 /* QBImagePickerController.h */ = {isa = PBXFileReference; fileEncoding = 4; lastKnownFileType = sourcecode.c.h; path = QBImagePickerController.h; sourceTree = "<group>"; };
		AA4C77771ACD8A1D00E77201 /* QBImagePickerController.m */ = {isa = PBXFileReference; fileEncoding = 4; lastKnownFileType = sourcecode.c.objc; path = QBImagePickerController.m; sourceTree = "<group>"; };
		AA4C77781ACD8A1D00E77201 /* QBImagePickerGroupCell.h */ = {isa = PBXFileReference; fileEncoding = 4; lastKnownFileType = sourcecode.c.h; path = QBImagePickerGroupCell.h; sourceTree = "<group>"; };
		AA4C77791ACD8A1D00E77201 /* QBImagePickerGroupCell.m */ = {isa = PBXFileReference; fileEncoding = 4; lastKnownFileType = sourcecode.c.objc; path = QBImagePickerGroupCell.m; sourceTree = "<group>"; };
		AA4C777A1ACD8A1D00E77201 /* QBImagePickerThumbnailView.h */ = {isa = PBXFileReference; fileEncoding = 4; lastKnownFileType = sourcecode.c.h; path = QBImagePickerThumbnailView.h; sourceTree = "<group>"; };
		AA4C777B1ACD8A1D00E77201 /* QBImagePickerThumbnailView.m */ = {isa = PBXFileReference; fileEncoding = 4; lastKnownFileType = sourcecode.c.objc; path = QBImagePickerThumbnailView.m; sourceTree = "<group>"; };
/* End PBXFileReference section */

/* Begin PBXFrameworksBuildPhase section */
		AA4C77361ACD8A0900E77201 /* Frameworks */ = {
			isa = PBXFrameworksBuildPhase;
			buildActionMask = 2147483647;
			files = (
			);
			runOnlyForDeploymentPostprocessing = 0;
		};
		AA4C774F1ACD8A0A00E77201 /* Frameworks */ = {
			isa = PBXFrameworksBuildPhase;
			buildActionMask = 2147483647;
			files = (
			);
			runOnlyForDeploymentPostprocessing = 0;
		};
/* End PBXFrameworksBuildPhase section */

/* Begin PBXGroup section */
		AA4C77301ACD8A0900E77201 = {
			isa = PBXGroup;
			children = (
				AA4C77621ACD8A1D00E77201 /* Pod */,
				AA4C773B1ACD8A0900E77201 /* QBImagePickerControllerDemo */,
				AA4C77551ACD8A0A00E77201 /* QBImagePickerControllerDemoTests */,
				AA4C773A1ACD8A0900E77201 /* Products */,
			);
			sourceTree = "<group>";
		};
		AA4C773A1ACD8A0900E77201 /* Products */ = {
			isa = PBXGroup;
			children = (
				AA4C77391ACD8A0900E77201 /* QBImagePickerControllerDemo.app */,
				AA4C77521ACD8A0A00E77201 /* QBImagePickerControllerDemoTests.xctest */,
			);
			name = Products;
			sourceTree = "<group>";
		};
		AA4C773B1ACD8A0900E77201 /* QBImagePickerControllerDemo */ = {
			isa = PBXGroup;
			children = (
				AA4C77401ACD8A0900E77201 /* AppDelegate.h */,
				AA4C77411ACD8A0900E77201 /* AppDelegate.m */,
				AA4C77431ACD8A0900E77201 /* ViewController.h */,
				AA4C77441ACD8A0900E77201 /* ViewController.m */,
				AA4C77461ACD8A0900E77201 /* Main.storyboard */,
				AA4C774B1ACD8A0900E77201 /* LaunchScreen.xib */,
				AA4C77871ACD8A3400E77201 /* Resources */,
				AA4C773C1ACD8A0900E77201 /* Supporting Files */,
			);
			path = QBImagePickerControllerDemo;
			sourceTree = "<group>";
		};
		AA4C773C1ACD8A0900E77201 /* Supporting Files */ = {
			isa = PBXGroup;
			children = (
				AA4C773D1ACD8A0900E77201 /* Info.plist */,
				AA4C773E1ACD8A0900E77201 /* main.m */,
			);
			name = "Supporting Files";
			sourceTree = "<group>";
		};
		AA4C77551ACD8A0A00E77201 /* QBImagePickerControllerDemoTests */ = {
			isa = PBXGroup;
			children = (
				AA4C77581ACD8A0A00E77201 /* QBImagePickerControllerDemoTests.m */,
				AA4C77561ACD8A0A00E77201 /* Supporting Files */,
			);
			path = QBImagePickerControllerDemoTests;
			sourceTree = "<group>";
		};
		AA4C77561ACD8A0A00E77201 /* Supporting Files */ = {
			isa = PBXGroup;
			children = (
				AA4C77571ACD8A0A00E77201 /* Info.plist */,
			);
			name = "Supporting Files";
			sourceTree = "<group>";
		};
		AA4C77621ACD8A1D00E77201 /* Pod */ = {
			isa = PBXGroup;
			children = (
				AA4C77631ACD8A1D00E77201 /* Assets */,
				AA4C77671ACD8A1D00E77201 /* Classes */,
			);
			name = Pod;
			path = ../Pod;
			sourceTree = "<group>";
		};
		AA4C77631ACD8A1D00E77201 /* Assets */ = {
			isa = PBXGroup;
			children = (
				AA4C77641ACD8A1D00E77201 /* QBImagePickerController.strings */,
			);
			path = Assets;
			sourceTree = "<group>";
		};
		AA4C77671ACD8A1D00E77201 /* Classes */ = {
			isa = PBXGroup;
			children = (
				AA4C77681ACD8A1D00E77201 /* QBAssetsCollectionCheckmarkView.h */,
				AA4C77691ACD8A1D00E77201 /* QBAssetsCollectionCheckmarkView.m */,
				AA4C776A1ACD8A1D00E77201 /* QBAssetsCollectionFooterView.h */,
				AA4C776B1ACD8A1D00E77201 /* QBAssetsCollectionFooterView.m */,
				AA4C776C1ACD8A1D00E77201 /* QBAssetsCollectionOverlayView.h */,
				AA4C776D1ACD8A1D00E77201 /* QBAssetsCollectionOverlayView.m */,
				AA4C776E1ACD8A1D00E77201 /* QBAssetsCollectionVideoIndicatorView.h */,
				AA4C776F1ACD8A1D00E77201 /* QBAssetsCollectionVideoIndicatorView.m */,
				AA4C77701ACD8A1D00E77201 /* QBAssetsCollectionViewCell.h */,
				AA4C77711ACD8A1D00E77201 /* QBAssetsCollectionViewCell.m */,
				AA4C77721ACD8A1D00E77201 /* QBAssetsCollectionViewController.h */,
				AA4C77731ACD8A1D00E77201 /* QBAssetsCollectionViewController.m */,
				AA4C77741ACD8A1D00E77201 /* QBAssetsCollectionViewLayout.h */,
				AA4C77751ACD8A1D00E77201 /* QBAssetsCollectionViewLayout.m */,
				AA4C77761ACD8A1D00E77201 /* QBImagePickerController.h */,
				AA4C77771ACD8A1D00E77201 /* QBImagePickerController.m */,
				AA4C77781ACD8A1D00E77201 /* QBImagePickerGroupCell.h */,
				AA4C77791ACD8A1D00E77201 /* QBImagePickerGroupCell.m */,
				AA4C777A1ACD8A1D00E77201 /* QBImagePickerThumbnailView.h */,
				AA4C777B1ACD8A1D00E77201 /* QBImagePickerThumbnailView.m */,
			);
			path = Classes;
			sourceTree = "<group>";
		};
		AA4C77871ACD8A3400E77201 /* Resources */ = {
			isa = PBXGroup;
			children = (
				AA4C77491ACD8A0900E77201 /* Images.xcassets */,
			);
			name = Resources;
			sourceTree = "<group>";
		};
/* End PBXGroup section */

/* Begin PBXNativeTarget section */
		AA4C77381ACD8A0900E77201 /* QBImagePickerControllerDemo */ = {
			isa = PBXNativeTarget;
			buildConfigurationList = AA4C775C1ACD8A0A00E77201 /* Build configuration list for PBXNativeTarget "QBImagePickerControllerDemo" */;
			buildPhases = (
				AA4C77351ACD8A0900E77201 /* Sources */,
				AA4C77361ACD8A0900E77201 /* Frameworks */,
				AA4C77371ACD8A0900E77201 /* Resources */,
			);
			buildRules = (
			);
			dependencies = (
			);
			name = QBImagePickerControllerDemo;
			productName = QBImagePickerControllerDemo;
			productReference = AA4C77391ACD8A0900E77201 /* QBImagePickerControllerDemo.app */;
			productType = "com.apple.product-type.application";
		};
		AA4C77511ACD8A0A00E77201 /* QBImagePickerControllerDemoTests */ = {
			isa = PBXNativeTarget;
			buildConfigurationList = AA4C775F1ACD8A0A00E77201 /* Build configuration list for PBXNativeTarget "QBImagePickerControllerDemoTests" */;
			buildPhases = (
				AA4C774E1ACD8A0A00E77201 /* Sources */,
				AA4C774F1ACD8A0A00E77201 /* Frameworks */,
				AA4C77501ACD8A0A00E77201 /* Resources */,
			);
			buildRules = (
			);
			dependencies = (
				AA4C77541ACD8A0A00E77201 /* PBXTargetDependency */,
			);
			name = QBImagePickerControllerDemoTests;
			productName = QBImagePickerControllerDemoTests;
			productReference = AA4C77521ACD8A0A00E77201 /* QBImagePickerControllerDemoTests.xctest */;
			productType = "com.apple.product-type.bundle.unit-test";
		};
/* End PBXNativeTarget section */

/* Begin PBXProject section */
		AA4C77311ACD8A0900E77201 /* Project object */ = {
			isa = PBXProject;
			attributes = {
				LastUpgradeCheck = 0620;
				ORGANIZATIONNAME = "Katsuma Tanaka";
				TargetAttributes = {
					AA4C77381ACD8A0900E77201 = {
						CreatedOnToolsVersion = 6.2;
					};
					AA4C77511ACD8A0A00E77201 = {
						CreatedOnToolsVersion = 6.2;
						TestTargetID = AA4C77381ACD8A0900E77201;
					};
				};
			};
			buildConfigurationList = AA4C77341ACD8A0900E77201 /* Build configuration list for PBXProject "QBImagePickerControllerDemo" */;
			compatibilityVersion = "Xcode 3.2";
			developmentRegion = English;
			hasScannedForEncodings = 0;
			knownRegions = (
				en,
				Base,
				ja,
			);
			mainGroup = AA4C77301ACD8A0900E77201;
			productRefGroup = AA4C773A1ACD8A0900E77201 /* Products */;
			projectDirPath = "";
			projectRoot = "";
			targets = (
				AA4C77381ACD8A0900E77201 /* QBImagePickerControllerDemo */,
				AA4C77511ACD8A0A00E77201 /* QBImagePickerControllerDemoTests */,
			);
		};
/* End PBXProject section */

/* Begin PBXResourcesBuildPhase section */
		AA4C77371ACD8A0900E77201 /* Resources */ = {
			isa = PBXResourcesBuildPhase;
			buildActionMask = 2147483647;
			files = (
				AA4C77481ACD8A0900E77201 /* Main.storyboard in Resources */,
				AA4C774D1ACD8A0900E77201 /* LaunchScreen.xib in Resources */,
				AA4C774A1ACD8A0900E77201 /* Images.xcassets in Resources */,
				AA4C777C1ACD8A1D00E77201 /* QBImagePickerController.strings in Resources */,
			);
			runOnlyForDeploymentPostprocessing = 0;
		};
		AA4C77501ACD8A0A00E77201 /* Resources */ = {
			isa = PBXResourcesBuildPhase;
			buildActionMask = 2147483647;
			files = (
			);
			runOnlyForDeploymentPostprocessing = 0;
		};
/* End PBXResourcesBuildPhase section */

/* Begin PBXSourcesBuildPhase section */
		AA4C77351ACD8A0900E77201 /* Sources */ = {
			isa = PBXSourcesBuildPhase;
			buildActionMask = 2147483647;
			files = (
				AA4C77851ACD8A1D00E77201 /* QBImagePickerGroupCell.m in Sources */,
				AA4C77861ACD8A1D00E77201 /* QBImagePickerThumbnailView.m in Sources */,
				AA4C77831ACD8A1D00E77201 /* QBAssetsCollectionViewLayout.m in Sources */,
				AA4C77841ACD8A1D00E77201 /* QBImagePickerController.m in Sources */,
				AA4C77451ACD8A0900E77201 /* ViewController.m in Sources */,
				AA4C77421ACD8A0900E77201 /* AppDelegate.m in Sources */,
				AA4C777E1ACD8A1D00E77201 /* QBAssetsCollectionFooterView.m in Sources */,
				AA4C777F1ACD8A1D00E77201 /* QBAssetsCollectionOverlayView.m in Sources */,
				AA4C77811ACD8A1D00E77201 /* QBAssetsCollectionViewCell.m in Sources */,
				AA4C777D1ACD8A1D00E77201 /* QBAssetsCollectionCheckmarkView.m in Sources */,
				AA4C77821ACD8A1D00E77201 /* QBAssetsCollectionViewController.m in Sources */,
				AA4C773F1ACD8A0900E77201 /* main.m in Sources */,
				AA4C77801ACD8A1D00E77201 /* QBAssetsCollectionVideoIndicatorView.m in Sources */,
			);
			runOnlyForDeploymentPostprocessing = 0;
		};
		AA4C774E1ACD8A0A00E77201 /* Sources */ = {
			isa = PBXSourcesBuildPhase;
			buildActionMask = 2147483647;
			files = (
				AA4C77591ACD8A0A00E77201 /* QBImagePickerControllerDemoTests.m in Sources */,
			);
			runOnlyForDeploymentPostprocessing = 0;
		};
/* End PBXSourcesBuildPhase section */

/* Begin PBXTargetDependency section */
		AA4C77541ACD8A0A00E77201 /* PBXTargetDependency */ = {
			isa = PBXTargetDependency;
			target = AA4C77381ACD8A0900E77201 /* QBImagePickerControllerDemo */;
			targetProxy = AA4C77531ACD8A0A00E77201 /* PBXContainerItemProxy */;
		};
/* End PBXTargetDependency section */

/* Begin PBXVariantGroup section */
		AA4C77461ACD8A0900E77201 /* Main.storyboard */ = {
			isa = PBXVariantGroup;
			children = (
				AA4C77471ACD8A0900E77201 /* Base */,
			);
			name = Main.storyboard;
			sourceTree = "<group>";
		};
		AA4C774B1ACD8A0900E77201 /* LaunchScreen.xib */ = {
			isa = PBXVariantGroup;
			children = (
				AA4C774C1ACD8A0900E77201 /* Base */,
			);
			name = LaunchScreen.xib;
			sourceTree = "<group>";
		};
		AA4C77641ACD8A1D00E77201 /* QBImagePickerController.strings */ = {
			isa = PBXVariantGroup;
			children = (
				AA4C77651ACD8A1D00E77201 /* en */,
				AA4C77661ACD8A1D00E77201 /* ja */,
			);
			name = QBImagePickerController.strings;
			sourceTree = "<group>";
		};
/* End PBXVariantGroup section */

/* Begin XCBuildConfiguration section */
		AA4C775A1ACD8A0A00E77201 /* Debug */ = {
			isa = XCBuildConfiguration;
			buildSettings = {
				ALWAYS_SEARCH_USER_PATHS = NO;
				CLANG_CXX_LANGUAGE_STANDARD = "gnu++0x";
				CLANG_CXX_LIBRARY = "libc++";
				CLANG_ENABLE_MODULES = YES;
				CLANG_ENABLE_OBJC_ARC = YES;
				CLANG_WARN_BOOL_CONVERSION = YES;
				CLANG_WARN_CONSTANT_CONVERSION = YES;
				CLANG_WARN_DIRECT_OBJC_ISA_USAGE = YES_ERROR;
				CLANG_WARN_EMPTY_BODY = YES;
				CLANG_WARN_ENUM_CONVERSION = YES;
				CLANG_WARN_INT_CONVERSION = YES;
				CLANG_WARN_OBJC_ROOT_CLASS = YES_ERROR;
				CLANG_WARN_UNREACHABLE_CODE = YES;
				CLANG_WARN__DUPLICATE_METHOD_MATCH = YES;
				"CODE_SIGN_IDENTITY[sdk=iphoneos*]" = "iPhone Developer";
				COPY_PHASE_STRIP = NO;
				ENABLE_STRICT_OBJC_MSGSEND = YES;
				GCC_C_LANGUAGE_STANDARD = gnu99;
				GCC_DYNAMIC_NO_PIC = NO;
				GCC_OPTIMIZATION_LEVEL = 0;
				GCC_PREPROCESSOR_DEFINITIONS = (
					"DEBUG=1",
					"$(inherited)",
				);
				GCC_SYMBOLS_PRIVATE_EXTERN = NO;
				GCC_WARN_64_TO_32_BIT_CONVERSION = YES;
				GCC_WARN_ABOUT_RETURN_TYPE = YES_ERROR;
				GCC_WARN_UNDECLARED_SELECTOR = YES;
				GCC_WARN_UNINITIALIZED_AUTOS = YES_AGGRESSIVE;
				GCC_WARN_UNUSED_FUNCTION = YES;
				GCC_WARN_UNUSED_VARIABLE = YES;
				IPHONEOS_DEPLOYMENT_TARGET = 8.0;
				MTL_ENABLE_DEBUG_INFO = YES;
				ONLY_ACTIVE_ARCH = YES;
				SDKROOT = iphoneos;
				TARGETED_DEVICE_FAMILY = "1,2";
			};
			name = Debug;
		};
		AA4C775B1ACD8A0A00E77201 /* Release */ = {
			isa = XCBuildConfiguration;
			buildSettings = {
				ALWAYS_SEARCH_USER_PATHS = NO;
				CLANG_CXX_LANGUAGE_STANDARD = "gnu++0x";
				CLANG_CXX_LIBRARY = "libc++";
				CLANG_ENABLE_MODULES = YES;
				CLANG_ENABLE_OBJC_ARC = YES;
				CLANG_WARN_BOOL_CONVERSION = YES;
				CLANG_WARN_CONSTANT_CONVERSION = YES;
				CLANG_WARN_DIRECT_OBJC_ISA_USAGE = YES_ERROR;
				CLANG_WARN_EMPTY_BODY = YES;
				CLANG_WARN_ENUM_CONVERSION = YES;
				CLANG_WARN_INT_CONVERSION = YES;
				CLANG_WARN_OBJC_ROOT_CLASS = YES_ERROR;
				CLANG_WARN_UNREACHABLE_CODE = YES;
				CLANG_WARN__DUPLICATE_METHOD_MATCH = YES;
				"CODE_SIGN_IDENTITY[sdk=iphoneos*]" = "iPhone Developer";
				COPY_PHASE_STRIP = NO;
				ENABLE_NS_ASSERTIONS = NO;
				ENABLE_STRICT_OBJC_MSGSEND = YES;
				GCC_C_LANGUAGE_STANDARD = gnu99;
				GCC_WARN_64_TO_32_BIT_CONVERSION = YES;
				GCC_WARN_ABOUT_RETURN_TYPE = YES_ERROR;
				GCC_WARN_UNDECLARED_SELECTOR = YES;
				GCC_WARN_UNINITIALIZED_AUTOS = YES_AGGRESSIVE;
				GCC_WARN_UNUSED_FUNCTION = YES;
				GCC_WARN_UNUSED_VARIABLE = YES;
				IPHONEOS_DEPLOYMENT_TARGET = 8.0;
				MTL_ENABLE_DEBUG_INFO = NO;
				SDKROOT = iphoneos;
				TARGETED_DEVICE_FAMILY = "1,2";
				VALIDATE_PRODUCT = YES;
			};
			name = Release;
		};
		AA4C775D1ACD8A0A00E77201 /* Debug */ = {
			isa = XCBuildConfiguration;
			buildSettings = {
				ASSETCATALOG_COMPILER_APPICON_NAME = AppIcon;
				INFOPLIST_FILE = QBImagePickerControllerDemo/Info.plist;
				LD_RUNPATH_SEARCH_PATHS = "$(inherited) @executable_path/Frameworks";
				PRODUCT_NAME = "$(TARGET_NAME)";
			};
			name = Debug;
		};
		AA4C775E1ACD8A0A00E77201 /* Release */ = {
			isa = XCBuildConfiguration;
			buildSettings = {
				ASSETCATALOG_COMPILER_APPICON_NAME = AppIcon;
				INFOPLIST_FILE = QBImagePickerControllerDemo/Info.plist;
				LD_RUNPATH_SEARCH_PATHS = "$(inherited) @executable_path/Frameworks";
				PRODUCT_NAME = "$(TARGET_NAME)";
			};
			name = Release;
		};
		AA4C77601ACD8A0A00E77201 /* Debug */ = {
			isa = XCBuildConfiguration;
			buildSettings = {
				BUNDLE_LOADER = "$(TEST_HOST)";
				FRAMEWORK_SEARCH_PATHS = (
					"$(SDKROOT)/Developer/Library/Frameworks",
					"$(inherited)",
				);
				GCC_PREPROCESSOR_DEFINITIONS = (
					"DEBUG=1",
					"$(inherited)",
				);
				INFOPLIST_FILE = QBImagePickerControllerDemoTests/Info.plist;
				LD_RUNPATH_SEARCH_PATHS = "$(inherited) @executable_path/Frameworks @loader_path/Frameworks";
				PRODUCT_NAME = "$(TARGET_NAME)";
				TEST_HOST = "$(BUILT_PRODUCTS_DIR)/QBImagePickerControllerDemo.app/QBImagePickerControllerDemo";
			};
			name = Debug;
		};
		AA4C77611ACD8A0A00E77201 /* Release */ = {
			isa = XCBuildConfiguration;
			buildSettings = {
				BUNDLE_LOADER = "$(TEST_HOST)";
				FRAMEWORK_SEARCH_PATHS = (
					"$(SDKROOT)/Developer/Library/Frameworks",
					"$(inherited)",
				);
				INFOPLIST_FILE = QBImagePickerControllerDemoTests/Info.plist;
				LD_RUNPATH_SEARCH_PATHS = "$(inherited) @executable_path/Frameworks @loader_path/Frameworks";
				PRODUCT_NAME = "$(TARGET_NAME)";
				TEST_HOST = "$(BUILT_PRODUCTS_DIR)/QBImagePickerControllerDemo.app/QBImagePickerControllerDemo";
			};
			name = Release;
		};
/* End XCBuildConfiguration section */

/* Begin XCConfigurationList section */
		AA4C77341ACD8A0900E77201 /* Build configuration list for PBXProject "QBImagePickerControllerDemo" */ = {
			isa = XCConfigurationList;
			buildConfigurations = (
				AA4C775A1ACD8A0A00E77201 /* Debug */,
				AA4C775B1ACD8A0A00E77201 /* Release */,
			);
			defaultConfigurationIsVisible = 0;
			defaultConfigurationName = Release;
		};
		AA4C775C1ACD8A0A00E77201 /* Build configuration list for PBXNativeTarget "QBImagePickerControllerDemo" */ = {
			isa = XCConfigurationList;
			buildConfigurations = (
				AA4C775D1ACD8A0A00E77201 /* Debug */,
				AA4C775E1ACD8A0A00E77201 /* Release */,
			);
			defaultConfigurationIsVisible = 0;
			defaultConfigurationName = Release;
		};
		AA4C775F1ACD8A0A00E77201 /* Build configuration list for PBXNativeTarget "QBImagePickerControllerDemoTests" */ = {
			isa = XCConfigurationList;
			buildConfigurations = (
				AA4C77601ACD8A0A00E77201 /* Debug */,
				AA4C77611ACD8A0A00E77201 /* Release */,
			);
			defaultConfigurationIsVisible = 0;
			defaultConfigurationName = Release;
		};
/* End XCConfigurationList section */
	};
	rootObject = AA4C77311ACD8A0900E77201 /* Project object */;
}
